
Microsoft Visual Studio Solution File, Format Version 12.00
# Visual Studio 14
VisualStudioVersion = 14.0.24720.0
MinimumVisualStudioVersion = 10.0.40219.1
Project("{FAE04EC0-301F-11D3-BF4B-00C04F79EFBC}") = "Tournamentz.DAL", "Tournamentz.DAL\Tournamentz.DAL.csproj", "{05606F8D-3EC8-4943-90E0-127F70C3E6AE}"
EndProject
Project("{FAE04EC0-301F-11D3-BF4B-00C04F79EFBC}") = "Tournamentz.TestConsole", "Tournamentz.TestConsole\Tournamentz.TestConsole.csproj", "{7ACE71A3-EFF5-4CB3-893B-9E8E9ADB2C53}"
EndProject
Project("{FAE04EC0-301F-11D3-BF4B-00C04F79EFBC}") = "Tournamentz.BL", "Tournamentz.BL\Tournamentz.BL.csproj", "{6801BFCC-81C5-41A1-8BBB-D3DF69753B9E}"
EndProject
Project("{FAE04EC0-301F-11D3-BF4B-00C04F79EFBC}") = "Tournamentz.Host", "Tournamentz.Host\Tournamentz.Host.csproj", "{185507ED-2235-4F70-AB78-405907025380}"
EndProject
Global
	GlobalSection(SolutionConfigurationPlatforms) = preSolution
		Debug|Any CPU = Debug|Any CPU
		Release|Any CPU = Release|Any CPU
	EndGlobalSection
	GlobalSection(ProjectConfigurationPlatforms) = postSolution
		{05606F8D-3EC8-4943-90E0-127F70C3E6AE}.Debug|Any CPU.ActiveCfg = Debug|Any CPU
		{05606F8D-3EC8-4943-90E0-127F70C3E6AE}.Debug|Any CPU.Build.0 = Debug|Any CPU
		{05606F8D-3EC8-4943-90E0-127F70C3E6AE}.Release|Any CPU.ActiveCfg = Release|Any CPU
		{05606F8D-3EC8-4943-90E0-127F70C3E6AE}.Release|Any CPU.Build.0 = Release|Any CPU
		{7ACE71A3-EFF5-4CB3-893B-9E8E9ADB2C53}.Debug|Any CPU.ActiveCfg = Debug|Any CPU
		{7ACE71A3-EFF5-4CB3-893B-9E8E9ADB2C53}.Debug|Any CPU.Build.0 = Debug|Any CPU
		{7ACE71A3-EFF5-4CB3-893B-9E8E9ADB2C53}.Release|Any CPU.ActiveCfg = Release|Any CPU
		{7ACE71A3-EFF5-4CB3-893B-9E8E9ADB2C53}.Release|Any CPU.Build.0 = Release|Any CPU
		{6801BFCC-81C5-41A1-8BBB-D3DF69753B9E}.Debug|Any CPU.ActiveCfg = Debug|Any CPU
		{6801BFCC-81C5-41A1-8BBB-D3DF69753B9E}.Debug|Any CPU.Build.0 = Debug|Any CPU
		{6801BFCC-81C5-41A1-8BBB-D3DF69753B9E}.Release|Any CPU.ActiveCfg = Release|Any CPU
		{6801BFCC-81C5-41A1-8BBB-D3DF69753B9E}.Release|Any CPU.Build.0 = Release|Any CPU
		{185507ED-2235-4F70-AB78-405907025380}.Debug|Any CPU.ActiveCfg = Debug|Any CPU
		{185507ED-2235-4F70-AB78-405907025380}.Debug|Any CPU.Build.0 = Debug|Any CPU
		{185507ED-2235-4F70-AB78-405907025380}.Release|Any CPU.ActiveCfg = Release|Any CPU
		{185507ED-2235-4F70-AB78-405907025380}.Release|Any CPU.Build.0 = Release|Any CPU
	EndGlobalSection
	GlobalSection(SolutionProperties) = preSolution
		HideSolutionNode = FALSE
	EndGlobalSection
EndGlobal
